// !$*UTF8*$!
{
	archiveVersion = 1;
	classes = {
	};
	objectVersion = 46;
	objects = {

/* Begin PBXBuildFile section */
		9443A2151ADF90A900491EE5 /* AppDelegate.swift in Sources */ = {isa = PBXBuildFile; fileRef = 9443A2141ADF90A900491EE5 /* AppDelegate.swift */; };
		9443A2181ADF90A900491EE5 /* LukasSchmidt.xcdatamodeld in Sources */ = {isa = PBXBuildFile; fileRef = 9443A2161ADF90A900491EE5 /* LukasSchmidt.xcdatamodeld */; };
		9443A21D1ADF90A900491EE5 /* Main.storyboard in Resources */ = {isa = PBXBuildFile; fileRef = 9443A21B1ADF90A900491EE5 /* Main.storyboard */; };
		9443A21F1ADF90A900491EE5 /* Images.xcassets in Resources */ = {isa = PBXBuildFile; fileRef = 9443A21E1ADF90A900491EE5 /* Images.xcassets */; };
		9443A2221ADF90A900491EE5 /* LaunchScreen.xib in Resources */ = {isa = PBXBuildFile; fileRef = 9443A2201ADF90A900491EE5 /* LaunchScreen.xib */; };
		9443A22E1ADF90AA00491EE5 /* LukasSchmidtTests.swift in Sources */ = {isa = PBXBuildFile; fileRef = 9443A22D1ADF90AA00491EE5 /* LukasSchmidtTests.swift */; };
		9443A23B1ADF9B4D00491EE5 /* Icon 1024px.png in Resources */ = {isa = PBXBuildFile; fileRef = 9443A23A1ADF9B4D00491EE5 /* Icon 1024px.png */; };
		9443A23E1ADFE2D900491EE5 /* IbanViewController.swift in Sources */ = {isa = PBXBuildFile; fileRef = 9443A23D1ADFE2D900491EE5 /* IbanViewController.swift */; };
		9443A2461ADFE3AA00491EE5 /* LSIBANBLZFormatter.m in Sources */ = {isa = PBXBuildFile; fileRef = 9443A2431ADFE3AA00491EE5 /* LSIBANBLZFormatter.m */; };
		9443A2471ADFE3AA00491EE5 /* MSIbanCalculator.m in Sources */ = {isa = PBXBuildFile; fileRef = 9443A2451ADFE3AA00491EE5 /* MSIbanCalculator.m */; };
		9443A24B1ADFE3EE00491EE5 /* CountryNames.plist in Resources */ = {isa = PBXBuildFile; fileRef = 9443A2481ADFE3EE00491EE5 /* CountryNames.plist */; };
		9443A24C1ADFE3EE00491EE5 /* blz_bic_list.plist in Resources */ = {isa = PBXBuildFile; fileRef = 9443A2491ADFE3EE00491EE5 /* blz_bic_list.plist */; };
		9443A24D1ADFE3EE00491EE5 /* CountryCodes.plist in Resources */ = {isa = PBXBuildFile; fileRef = 9443A24A1ADFE3EE00491EE5 /* CountryCodes.plist */; };
		9443A2501ADFE50400491EE5 /* LSCountryCodeManager.m in Sources */ = {isa = PBXBuildFile; fileRef = 9443A24F1ADFE50400491EE5 /* LSCountryCodeManager.m */; };
		9443A2601ADFE8BF00491EE5 /* LSSettingsButton.m in Sources */ = {isa = PBXBuildFile; fileRef = 9443A2531ADFE8BF00491EE5 /* LSSettingsButton.m */; };
		9443A2611ADFE8BF00491EE5 /* LSRoundButton.m in Sources */ = {isa = PBXBuildFile; fileRef = 9443A2551ADFE8BF00491EE5 /* LSRoundButton.m */; };
		9443A2621ADFE8BF00491EE5 /* LSRoundLabel.m in Sources */ = {isa = PBXBuildFile; fileRef = 9443A2571ADFE8BF00491EE5 /* LSRoundLabel.m */; };
		9443A2631ADFE8BF00491EE5 /* LSRoundTextField.m in Sources */ = {isa = PBXBuildFile; fileRef = 9443A2591ADFE8BF00491EE5 /* LSRoundTextField.m */; };
		9443A2641ADFE8BF00491EE5 /* LSRoundDevidedButton.m in Sources */ = {isa = PBXBuildFile; fileRef = 9443A25B1ADFE8BF00491EE5 /* LSRoundDevidedButton.m */; };
		9443A2651ADFE8BF00491EE5 /* LSIBANRoundDevidedButton.m in Sources */ = {isa = PBXBuildFile; fileRef = 9443A25D1ADFE8BF00491EE5 /* LSIBANRoundDevidedButton.m */; };
		9443A2661ADFE8BF00491EE5 /* LSBackgroundView.m in Sources */ = {isa = PBXBuildFile; fileRef = 9443A25F1ADFE8BF00491EE5 /* LSBackgroundView.m */; };
		9443A2691ADFE8DD00491EE5 /* UIImage+MonoImage.m in Sources */ = {isa = PBXBuildFile; fileRef = 9443A2681ADFE8DD00491EE5 /* UIImage+MonoImage.m */; };
		9443A26C1ADFE8F200491EE5 /* UIColor+IBANColors.m in Sources */ = {isa = PBXBuildFile; fileRef = 9443A26B1ADFE8F200491EE5 /* UIColor+IBANColors.m */; };
		9443A26F1ADFEAD800491EE5 /* RoundedCornerImageView.swift in Sources */ = {isa = PBXBuildFile; fileRef = 9443A26E1ADFEAD800491EE5 /* RoundedCornerImageView.swift */; };
		9443A2711AE0039200491EE5 /* CinemaManagerViewController.swift in Sources */ = {isa = PBXBuildFile; fileRef = 9443A2701AE0039200491EE5 /* CinemaManagerViewController.swift */; };
		9443A2731AE0066200491EE5 /* Kino-App Icon_7-01.png in Resources */ = {isa = PBXBuildFile; fileRef = 9443A2721AE0066200491EE5 /* Kino-App Icon_7-01.png */; };
		9443A2751AE0119700491EE5 /* 11-Toy-Story.jpg in Resources */ = {isa = PBXBuildFile; fileRef = 9443A2741AE0119700491EE5 /* 11-Toy-Story.jpg */; };
		9443A2781AE02B8D00491EE5 /* StoreKit.framework in Frameworks */ = {isa = PBXBuildFile; fileRef = 9443A2761AE02B5800491EE5 /* StoreKit.framework */; };
		9443A27C1AE03EC800491EE5 /* icon-ios7-heart.png in Resources */ = {isa = PBXBuildFile; fileRef = 9443A2791AE03EC800491EE5 /* icon-ios7-heart.png */; };
		9443A27D1AE03EC800491EE5 /* icon-ios7-heart@2x.png in Resources */ = {isa = PBXBuildFile; fileRef = 9443A27A1AE03EC800491EE5 /* icon-ios7-heart@2x.png */; };
		9443A27E1AE03EC800491EE5 /* icon-ios7-heart@3x.png in Resources */ = {isa = PBXBuildFile; fileRef = 9443A27B1AE03EC800491EE5 /* icon-ios7-heart@3x.png */; };
		9443A2801AE2608D00491EE5 /* PersonalInterestsViewController.swift in Sources */ = {isa = PBXBuildFile; fileRef = 9443A27F1AE2608D00491EE5 /* PersonalInterestsViewController.swift */; };
		9443A2821AE266A600491EE5 /* code.png in Resources */ = {isa = PBXBuildFile; fileRef = 9443A2811AE266A600491EE5 /* code.png */; };
		9443A2881AE3DD8700491EE5 /* RoundCornerView.swift in Sources */ = {isa = PBXBuildFile; fileRef = 9443A2871AE3DD8700491EE5 /* RoundCornerView.swift */; };
		9443A28A1AE3DF8A00491EE5 /* TrackField.png in Resources */ = {isa = PBXBuildFile; fileRef = 9443A2891AE3DF8A00491EE5 /* TrackField.png */; };
		9443A28C1AE3E3CE00491EE5 /* ehealth.png in Resources */ = {isa = PBXBuildFile; fileRef = 9443A28B1AE3E3CE00491EE5 /* ehealth.png */; };
		9443A28E1AE3E4D300491EE5 /* cinema.png in Resources */ = {isa = PBXBuildFile; fileRef = 9443A28D1AE3E4D300491EE5 /* cinema.png */; };
		9443A2901AE3F88700491EE5 /* personal.png in Resources */ = {isa = PBXBuildFile; fileRef = 9443A28F1AE3F88700491EE5 /* personal.png */; };
		94D1A6441AE5315F00B91996 /* WTConnection.m in Sources */ = {isa = PBXBuildFile; fileRef = 94D1A6411AE5315F00B91996 /* WTConnection.m */; };
		94D1A6451AE5315F00B91996 /* LSMoviePlaytimeDownloaderImpl.m in Sources */ = {isa = PBXBuildFile; fileRef = 94D1A6431AE5315F00B91996 /* LSMoviePlaytimeDownloaderImpl.m */; };
		94D1A64E1AE5322100B91996 /* LSURLConstants.m in Sources */ = {isa = PBXBuildFile; fileRef = 94D1A64D1AE5322100B91996 /* LSURLConstants.m */; };
		94D1A6531AE5327E00B91996 /* LSCoverImageLoaderImpl.m in Sources */ = {isa = PBXBuildFile; fileRef = 94D1A6501AE5327E00B91996 /* LSCoverImageLoaderImpl.m */; };
		94D1A6541AE5327E00B91996 /* LSLoginServiceImpl.m in Sources */ = {isa = PBXBuildFile; fileRef = 94D1A6521AE5327E00B91996 /* LSLoginServiceImpl.m */; };
		94D1A6561AE5374200B91996 /* MovieCollectionViewCell.swift in Sources */ = {isa = PBXBuildFile; fileRef = 94D1A6551AE5374200B91996 /* MovieCollectionViewCell.swift */; };
		94D1A6591AE59E2900B91996 /* glyphicons_008_film.png in Resources */ = {isa = PBXBuildFile; fileRef = 94D1A6571AE59E2900B91996 /* glyphicons_008_film.png */; };
		94D1A65A1AE59E2900B91996 /* glyphicons_008_film@2x.png in Resources */ = {isa = PBXBuildFile; fileRef = 94D1A6581AE59E2900B91996 /* glyphicons_008_film@2x.png */; };
/* End PBXBuildFile section */

/* Begin PBXContainerItemProxy section */
		9443A2281ADF90AA00491EE5 /* PBXContainerItemProxy */ = {
			isa = PBXContainerItemProxy;
			containerPortal = 9443A2071ADF90A900491EE5 /* Project object */;
			proxyType = 1;
			remoteGlobalIDString = 9443A20E1ADF90A900491EE5;
			remoteInfo = LukasSchmidt;
		};
/* End PBXContainerItemProxy section */

/* Begin PBXFileReference section */
		9443A20F1ADF90A900491EE5 /* LukasSchmidt.app */ = {isa = PBXFileReference; explicitFileType = wrapper.application; includeInIndex = 0; path = LukasSchmidt.app; sourceTree = BUILT_PRODUCTS_DIR; };
		9443A2131ADF90A900491EE5 /* Info.plist */ = {isa = PBXFileReference; lastKnownFileType = text.plist.xml; path = Info.plist; sourceTree = "<group>"; };
		9443A2141ADF90A900491EE5 /* AppDelegate.swift */ = {isa = PBXFileReference; lastKnownFileType = sourcecode.swift; path = AppDelegate.swift; sourceTree = "<group>"; };
		9443A2171ADF90A900491EE5 /* LukasSchmidt.xcdatamodel */ = {isa = PBXFileReference; lastKnownFileType = wrapper.xcdatamodel; path = LukasSchmidt.xcdatamodel; sourceTree = "<group>"; };
		9443A21C1ADF90A900491EE5 /* Base */ = {isa = PBXFileReference; lastKnownFileType = file.storyboard; name = Base; path = Base.lproj/Main.storyboard; sourceTree = "<group>"; };
		9443A21E1ADF90A900491EE5 /* Images.xcassets */ = {isa = PBXFileReference; lastKnownFileType = folder.assetcatalog; path = Images.xcassets; sourceTree = "<group>"; };
		9443A2211ADF90A900491EE5 /* Base */ = {isa = PBXFileReference; lastKnownFileType = file.xib; name = Base; path = Base.lproj/LaunchScreen.xib; sourceTree = "<group>"; };
		9443A2271ADF90AA00491EE5 /* LukasSchmidtTests.xctest */ = {isa = PBXFileReference; explicitFileType = wrapper.cfbundle; includeInIndex = 0; path = LukasSchmidtTests.xctest; sourceTree = BUILT_PRODUCTS_DIR; };
		9443A22C1ADF90AA00491EE5 /* Info.plist */ = {isa = PBXFileReference; lastKnownFileType = text.plist.xml; path = Info.plist; sourceTree = "<group>"; };
		9443A22D1ADF90AA00491EE5 /* LukasSchmidtTests.swift */ = {isa = PBXFileReference; lastKnownFileType = sourcecode.swift; path = LukasSchmidtTests.swift; sourceTree = "<group>"; };
		9443A23A1ADF9B4D00491EE5 /* Icon 1024px.png */ = {isa = PBXFileReference; lastKnownFileType = image.png; path = "Icon 1024px.png"; sourceTree = "<group>"; };
		9443A23D1ADFE2D900491EE5 /* IbanViewController.swift */ = {isa = PBXFileReference; fileEncoding = 4; lastKnownFileType = sourcecode.swift; path = IbanViewController.swift; sourceTree = "<group>"; };
		9443A2411ADFE3A900491EE5 /* LukasSchmidt-Bridging-Header.h */ = {isa = PBXFileReference; lastKnownFileType = sourcecode.c.h; path = "LukasSchmidt-Bridging-Header.h"; sourceTree = "<group>"; };
		9443A2421ADFE3AA00491EE5 /* LSIBANBLZFormatter.h */ = {isa = PBXFileReference; fileEncoding = 4; lastKnownFileType = sourcecode.c.h; path = LSIBANBLZFormatter.h; sourceTree = "<group>"; };
		9443A2431ADFE3AA00491EE5 /* LSIBANBLZFormatter.m */ = {isa = PBXFileReference; fileEncoding = 4; lastKnownFileType = sourcecode.c.objc; path = LSIBANBLZFormatter.m; sourceTree = "<group>"; };
		9443A2441ADFE3AA00491EE5 /* MSIbanCalculator.h */ = {isa = PBXFileReference; fileEncoding = 4; lastKnownFileType = sourcecode.c.h; path = MSIbanCalculator.h; sourceTree = "<group>"; };
		9443A2451ADFE3AA00491EE5 /* MSIbanCalculator.m */ = {isa = PBXFileReference; fileEncoding = 4; lastKnownFileType = sourcecode.c.objc; path = MSIbanCalculator.m; sourceTree = "<group>"; };
		9443A2481ADFE3EE00491EE5 /* CountryNames.plist */ = {isa = PBXFileReference; fileEncoding = 4; lastKnownFileType = text.plist.xml; path = CountryNames.plist; sourceTree = "<group>"; };
		9443A2491ADFE3EE00491EE5 /* blz_bic_list.plist */ = {isa = PBXFileReference; fileEncoding = 4; lastKnownFileType = text.plist.xml; path = blz_bic_list.plist; sourceTree = "<group>"; };
		9443A24A1ADFE3EE00491EE5 /* CountryCodes.plist */ = {isa = PBXFileReference; fileEncoding = 4; lastKnownFileType = text.plist.xml; path = CountryCodes.plist; sourceTree = "<group>"; };
		9443A24E1ADFE50400491EE5 /* LSCountryCodeManager.h */ = {isa = PBXFileReference; fileEncoding = 4; lastKnownFileType = sourcecode.c.h; path = LSCountryCodeManager.h; sourceTree = "<group>"; };
		9443A24F1ADFE50400491EE5 /* LSCountryCodeManager.m */ = {isa = PBXFileReference; fileEncoding = 4; lastKnownFileType = sourcecode.c.objc; path = LSCountryCodeManager.m; sourceTree = "<group>"; };
		9443A2521ADFE8BF00491EE5 /* LSSettingsButton.h */ = {isa = PBXFileReference; fileEncoding = 4; lastKnownFileType = sourcecode.c.h; path = LSSettingsButton.h; sourceTree = "<group>"; };
		9443A2531ADFE8BF00491EE5 /* LSSettingsButton.m */ = {isa = PBXFileReference; fileEncoding = 4; lastKnownFileType = sourcecode.c.objc; path = LSSettingsButton.m; sourceTree = "<group>"; };
		9443A2541ADFE8BF00491EE5 /* LSRoundButton.h */ = {isa = PBXFileReference; fileEncoding = 4; lastKnownFileType = sourcecode.c.h; path = LSRoundButton.h; sourceTree = "<group>"; };
		9443A2551ADFE8BF00491EE5 /* LSRoundButton.m */ = {isa = PBXFileReference; fileEncoding = 4; lastKnownFileType = sourcecode.c.objc; path = LSRoundButton.m; sourceTree = "<group>"; };
		9443A2561ADFE8BF00491EE5 /* LSRoundLabel.h */ = {isa = PBXFileReference; fileEncoding = 4; lastKnownFileType = sourcecode.c.h; path = LSRoundLabel.h; sourceTree = "<group>"; };
		9443A2571ADFE8BF00491EE5 /* LSRoundLabel.m */ = {isa = PBXFileReference; fileEncoding = 4; lastKnownFileType = sourcecode.c.objc; path = LSRoundLabel.m; sourceTree = "<group>"; };
		9443A2581ADFE8BF00491EE5 /* LSRoundTextField.h */ = {isa = PBXFileReference; fileEncoding = 4; lastKnownFileType = sourcecode.c.h; path = LSRoundTextField.h; sourceTree = "<group>"; };
		9443A2591ADFE8BF00491EE5 /* LSRoundTextField.m */ = {isa = PBXFileReference; fileEncoding = 4; lastKnownFileType = sourcecode.c.objc; path = LSRoundTextField.m; sourceTree = "<group>"; };
		9443A25A1ADFE8BF00491EE5 /* LSRoundDevidedButton.h */ = {isa = PBXFileReference; fileEncoding = 4; lastKnownFileType = sourcecode.c.h; path = LSRoundDevidedButton.h; sourceTree = "<group>"; };
		9443A25B1ADFE8BF00491EE5 /* LSRoundDevidedButton.m */ = {isa = PBXFileReference; fileEncoding = 4; lastKnownFileType = sourcecode.c.objc; path = LSRoundDevidedButton.m; sourceTree = "<group>"; };
		9443A25C1ADFE8BF00491EE5 /* LSIBANRoundDevidedButton.h */ = {isa = PBXFileReference; fileEncoding = 4; lastKnownFileType = sourcecode.c.h; path = LSIBANRoundDevidedButton.h; sourceTree = "<group>"; };
		9443A25D1ADFE8BF00491EE5 /* LSIBANRoundDevidedButton.m */ = {isa = PBXFileReference; fileEncoding = 4; lastKnownFileType = sourcecode.c.objc; path = LSIBANRoundDevidedButton.m; sourceTree = "<group>"; };
		9443A25E1ADFE8BF00491EE5 /* LSBackgroundView.h */ = {isa = PBXFileReference; fileEncoding = 4; lastKnownFileType = sourcecode.c.h; path = LSBackgroundView.h; sourceTree = "<group>"; };
		9443A25F1ADFE8BF00491EE5 /* LSBackgroundView.m */ = {isa = PBXFileReference; fileEncoding = 4; lastKnownFileType = sourcecode.c.objc; path = LSBackgroundView.m; sourceTree = "<group>"; };
		9443A2671ADFE8DD00491EE5 /* UIImage+MonoImage.h */ = {isa = PBXFileReference; fileEncoding = 4; lastKnownFileType = sourcecode.c.h; path = "UIImage+MonoImage.h"; sourceTree = "<group>"; };
		9443A2681ADFE8DD00491EE5 /* UIImage+MonoImage.m */ = {isa = PBXFileReference; fileEncoding = 4; lastKnownFileType = sourcecode.c.objc; path = "UIImage+MonoImage.m"; sourceTree = "<group>"; };
		9443A26A1ADFE8F200491EE5 /* UIColor+IBANColors.h */ = {isa = PBXFileReference; fileEncoding = 4; lastKnownFileType = sourcecode.c.h; path = "UIColor+IBANColors.h"; sourceTree = "<group>"; };
		9443A26B1ADFE8F200491EE5 /* UIColor+IBANColors.m */ = {isa = PBXFileReference; fileEncoding = 4; lastKnownFileType = sourcecode.c.objc; path = "UIColor+IBANColors.m"; sourceTree = "<group>"; };
		9443A26E1ADFEAD800491EE5 /* RoundedCornerImageView.swift */ = {isa = PBXFileReference; fileEncoding = 4; lastKnownFileType = sourcecode.swift; name = RoundedCornerImageView.swift; path = view/RoundedCornerImageView.swift; sourceTree = "<group>"; };
		9443A2701AE0039200491EE5 /* CinemaManagerViewController.swift */ = {isa = PBXFileReference; fileEncoding = 4; lastKnownFileType = sourcecode.swift; path = CinemaManagerViewController.swift; sourceTree = "<group>"; };
		9443A2721AE0066200491EE5 /* Kino-App Icon_7-01.png */ = {isa = PBXFileReference; lastKnownFileType = image.png; path = "Kino-App Icon_7-01.png"; sourceTree = "<group>"; };
		9443A2741AE0119700491EE5 /* 11-Toy-Story.jpg */ = {isa = PBXFileReference; lastKnownFileType = image.jpeg; path = "11-Toy-Story.jpg"; sourceTree = "<group>"; };
		9443A2761AE02B5800491EE5 /* StoreKit.framework */ = {isa = PBXFileReference; lastKnownFileType = wrapper.framework; name = StoreKit.framework; path = System/Library/Frameworks/StoreKit.framework; sourceTree = SDKROOT; };
		9443A2791AE03EC800491EE5 /* icon-ios7-heart.png */ = {isa = PBXFileReference; lastKnownFileType = image.png; path = "icon-ios7-heart.png"; sourceTree = "<group>"; };
		9443A27A1AE03EC800491EE5 /* icon-ios7-heart@2x.png */ = {isa = PBXFileReference; lastKnownFileType = image.png; path = "icon-ios7-heart@2x.png"; sourceTree = "<group>"; };
		9443A27B1AE03EC800491EE5 /* icon-ios7-heart@3x.png */ = {isa = PBXFileReference; lastKnownFileType = image.png; path = "icon-ios7-heart@3x.png"; sourceTree = "<group>"; };
		9443A27F1AE2608D00491EE5 /* PersonalInterestsViewController.swift */ = {isa = PBXFileReference; fileEncoding = 4; lastKnownFileType = sourcecode.swift; path = PersonalInterestsViewController.swift; sourceTree = "<group>"; };
		9443A2811AE266A600491EE5 /* code.png */ = {isa = PBXFileReference; lastKnownFileType = image.png; path = code.png; sourceTree = "<group>"; };
		9443A2871AE3DD8700491EE5 /* RoundCornerView.swift */ = {isa = PBXFileReference; fileEncoding = 4; lastKnownFileType = sourcecode.swift; name = RoundCornerView.swift; path = view/RoundCornerView.swift; sourceTree = "<group>"; };
		9443A2891AE3DF8A00491EE5 /* TrackField.png */ = {isa = PBXFileReference; lastKnownFileType = image.png; path = TrackField.png; sourceTree = "<group>"; };
		9443A28B1AE3E3CE00491EE5 /* ehealth.png */ = {isa = PBXFileReference; lastKnownFileType = image.png; path = ehealth.png; sourceTree = "<group>"; };
		9443A28D1AE3E4D300491EE5 /* cinema.png */ = {isa = PBXFileReference; lastKnownFileType = image.png; path = cinema.png; sourceTree = "<group>"; };
		9443A28F1AE3F88700491EE5 /* personal.png */ = {isa = PBXFileReference; lastKnownFileType = image.png; path = personal.png; sourceTree = "<group>"; };
		94D1A6401AE5315F00B91996 /* WTConnection.h */ = {isa = PBXFileReference; fileEncoding = 4; lastKnownFileType = sourcecode.c.h; path = WTConnection.h; sourceTree = "<group>"; };
		94D1A6411AE5315F00B91996 /* WTConnection.m */ = {isa = PBXFileReference; fileEncoding = 4; lastKnownFileType = sourcecode.c.objc; path = WTConnection.m; sourceTree = "<group>"; };
		94D1A6421AE5315F00B91996 /* LSMoviePlaytimeDownloaderImpl.h */ = {isa = PBXFileReference; fileEncoding = 4; lastKnownFileType = sourcecode.c.h; path = LSMoviePlaytimeDownloaderImpl.h; sourceTree = "<group>"; };
		94D1A6431AE5315F00B91996 /* LSMoviePlaytimeDownloaderImpl.m */ = {isa = PBXFileReference; fileEncoding = 4; lastKnownFileType = sourcecode.c.objc; path = LSMoviePlaytimeDownloaderImpl.m; sourceTree = "<group>"; };
		94D1A6481AE531E100B91996 /* LSMoviePlaytimeDownloader.h */ = {isa = PBXFileReference; fileEncoding = 4; lastKnownFileType = sourcecode.c.h; path = LSMoviePlaytimeDownloader.h; sourceTree = "<group>"; };
		94D1A6491AE531E100B91996 /* LSCoverImageLoader.h */ = {isa = PBXFileReference; fileEncoding = 4; lastKnownFileType = sourcecode.c.h; path = LSCoverImageLoader.h; sourceTree = "<group>"; };
		94D1A64A1AE531E100B91996 /* LSAbsctractDownloader.h */ = {isa = PBXFileReference; fileEncoding = 4; lastKnownFileType = sourcecode.c.h; path = LSAbsctractDownloader.h; sourceTree = "<group>"; };
		94D1A64B1AE531E100B91996 /* LSLoginService.h */ = {isa = PBXFileReference; fileEncoding = 4; lastKnownFileType = sourcecode.c.h; path = LSLoginService.h; sourceTree = "<group>"; };
		94D1A64C1AE5322100B91996 /* LSURLConstants.h */ = {isa = PBXFileReference; fileEncoding = 4; lastKnownFileType = sourcecode.c.h; path = LSURLConstants.h; sourceTree = "<group>"; };
		94D1A64D1AE5322100B91996 /* LSURLConstants.m */ = {isa = PBXFileReference; fileEncoding = 4; lastKnownFileType = sourcecode.c.objc; path = LSURLConstants.m; sourceTree = "<group>"; };
		94D1A64F1AE5327E00B91996 /* LSCoverImageLoaderImpl.h */ = {isa = PBXFileReference; fileEncoding = 4; lastKnownFileType = sourcecode.c.h; path = LSCoverImageLoaderImpl.h; sourceTree = "<group>"; };
		94D1A6501AE5327E00B91996 /* LSCoverImageLoaderImpl.m */ = {isa = PBXFileReference; fileEncoding = 4; lastKnownFileType = sourcecode.c.objc; path = LSCoverImageLoaderImpl.m; sourceTree = "<group>"; };
		94D1A6511AE5327E00B91996 /* LSLoginServiceImpl.h */ = {isa = PBXFileReference; fileEncoding = 4; lastKnownFileType = sourcecode.c.h; path = LSLoginServiceImpl.h; sourceTree = "<group>"; };
		94D1A6521AE5327E00B91996 /* LSLoginServiceImpl.m */ = {isa = PBXFileReference; fileEncoding = 4; lastKnownFileType = sourcecode.c.objc; path = LSLoginServiceImpl.m; sourceTree = "<group>"; };
		94D1A6551AE5374200B91996 /* MovieCollectionViewCell.swift */ = {isa = PBXFileReference; fileEncoding = 4; lastKnownFileType = sourcecode.swift; name = MovieCollectionViewCell.swift; path = view/MovieCollectionViewCell.swift; sourceTree = "<group>"; };
		94D1A6571AE59E2900B91996 /* glyphicons_008_film.png */ = {isa = PBXFileReference; lastKnownFileType = image.png; path = glyphicons_008_film.png; sourceTree = "<group>"; };
		94D1A6581AE59E2900B91996 /* glyphicons_008_film@2x.png */ = {isa = PBXFileReference; lastKnownFileType = image.png; path = "glyphicons_008_film@2x.png"; sourceTree = "<group>"; };
/* End PBXFileReference section */

/* Begin PBXFrameworksBuildPhase section */
		9443A20C1ADF90A900491EE5 /* Frameworks */ = {
			isa = PBXFrameworksBuildPhase;
			buildActionMask = 2147483647;
			files = (
				9443A2781AE02B8D00491EE5 /* StoreKit.framework in Frameworks */,
			);
			runOnlyForDeploymentPostprocessing = 0;
		};
		9443A2241ADF90AA00491EE5 /* Frameworks */ = {
			isa = PBXFrameworksBuildPhase;
			buildActionMask = 2147483647;
			files = (
			);
			runOnlyForDeploymentPostprocessing = 0;
		};
/* End PBXFrameworksBuildPhase section */

/* Begin PBXGroup section */
		9443A2061ADF90A900491EE5 = {
			isa = PBXGroup;
			children = (
				9443A2761AE02B5800491EE5 /* StoreKit.framework */,
				9443A2111ADF90A900491EE5 /* LukasSchmidt */,
				9443A22A1ADF90AA00491EE5 /* LukasSchmidtTests */,
				9443A2101ADF90A900491EE5 /* Products */,
			);
			sourceTree = "<group>";
		};
		9443A2101ADF90A900491EE5 /* Products */ = {
			isa = PBXGroup;
			children = (
				9443A20F1ADF90A900491EE5 /* LukasSchmidt.app */,
				9443A2271ADF90AA00491EE5 /* LukasSchmidtTests.xctest */,
			);
			name = Products;
			sourceTree = "<group>";
		};
		9443A2111ADF90A900491EE5 /* LukasSchmidt */ = {
			isa = PBXGroup;
			children = (
				9443A2911AE5303A00491EE5 /* cinema */,
				9443A26D1ADFEAA600491EE5 /* view */,
				9443A23F1ADFE2EF00491EE5 /* iban */,
				9443A23C1ADFE2AF00491EE5 /* controller */,
				9443A2141ADF90A900491EE5 /* AppDelegate.swift */,
				9443A21B1ADF90A900491EE5 /* Main.storyboard */,
				9443A21E1ADF90A900491EE5 /* Images.xcassets */,
				9443A2201ADF90A900491EE5 /* LaunchScreen.xib */,
				9443A2161ADF90A900491EE5 /* LukasSchmidt.xcdatamodeld */,
				9443A2121ADF90A900491EE5 /* Supporting Files */,
			);
			path = LukasSchmidt;
			sourceTree = "<group>";
		};
		9443A2121ADF90A900491EE5 /* Supporting Files */ = {
			isa = PBXGroup;
			children = (
				9443A2411ADFE3A900491EE5 /* LukasSchmidt-Bridging-Header.h */,
				9443A2371ADF996A00491EE5 /* image */,
				9443A2131ADF90A900491EE5 /* Info.plist */,
			);
			name = "Supporting Files";
			sourceTree = "<group>";
		};
		9443A22A1ADF90AA00491EE5 /* LukasSchmidtTests */ = {
			isa = PBXGroup;
			children = (
				9443A22D1ADF90AA00491EE5 /* LukasSchmidtTests.swift */,
				9443A22B1ADF90AA00491EE5 /* Supporting Files */,
			);
			path = LukasSchmidtTests;
			sourceTree = "<group>";
		};
		9443A22B1ADF90AA00491EE5 /* Supporting Files */ = {
			isa = PBXGroup;
			children = (
				9443A22C1ADF90AA00491EE5 /* Info.plist */,
			);
			name = "Supporting Files";
			sourceTree = "<group>";
		};
		9443A2371ADF996A00491EE5 /* image */ = {
			isa = PBXGroup;
			children = (
				94D1A6571AE59E2900B91996 /* glyphicons_008_film.png */,
				94D1A6581AE59E2900B91996 /* glyphicons_008_film@2x.png */,
				9443A28F1AE3F88700491EE5 /* personal.png */,
				9443A28D1AE3E4D300491EE5 /* cinema.png */,
				9443A28B1AE3E3CE00491EE5 /* ehealth.png */,
				9443A2891AE3DF8A00491EE5 /* TrackField.png */,
				9443A2811AE266A600491EE5 /* code.png */,
				9443A2791AE03EC800491EE5 /* icon-ios7-heart.png */,
				9443A27A1AE03EC800491EE5 /* icon-ios7-heart@2x.png */,
				9443A27B1AE03EC800491EE5 /* icon-ios7-heart@3x.png */,
				9443A2741AE0119700491EE5 /* 11-Toy-Story.jpg */,
				9443A23A1ADF9B4D00491EE5 /* Icon 1024px.png */,
				9443A2721AE0066200491EE5 /* Kino-App Icon_7-01.png */,
			);
			path = image;
			sourceTree = "<group>";
		};
		9443A23C1ADFE2AF00491EE5 /* controller */ = {
			isa = PBXGroup;
			children = (
				9443A27F1AE2608D00491EE5 /* PersonalInterestsViewController.swift */,
				9443A2701AE0039200491EE5 /* CinemaManagerViewController.swift */,
				9443A23D1ADFE2D900491EE5 /* IbanViewController.swift */,
			);
			path = controller;
			sourceTree = "<group>";
		};
		9443A23F1ADFE2EF00491EE5 /* iban */ = {
			isa = PBXGroup;
			children = (
				9443A26A1ADFE8F200491EE5 /* UIColor+IBANColors.h */,
				9443A26B1ADFE8F200491EE5 /* UIColor+IBANColors.m */,
				9443A2511ADFE8B500491EE5 /* view */,
				9443A24E1ADFE50400491EE5 /* LSCountryCodeManager.h */,
				9443A24F1ADFE50400491EE5 /* LSCountryCodeManager.m */,
				9443A2481ADFE3EE00491EE5 /* CountryNames.plist */,
				9443A2491ADFE3EE00491EE5 /* blz_bic_list.plist */,
				9443A24A1ADFE3EE00491EE5 /* CountryCodes.plist */,
				9443A2421ADFE3AA00491EE5 /* LSIBANBLZFormatter.h */,
				9443A2431ADFE3AA00491EE5 /* LSIBANBLZFormatter.m */,
				9443A2441ADFE3AA00491EE5 /* MSIbanCalculator.h */,
				9443A2451ADFE3AA00491EE5 /* MSIbanCalculator.m */,
			);
			path = iban;
			sourceTree = "<group>";
		};
		9443A2511ADFE8B500491EE5 /* view */ = {
			isa = PBXGroup;
			children = (
				9443A2671ADFE8DD00491EE5 /* UIImage+MonoImage.h */,
				9443A2681ADFE8DD00491EE5 /* UIImage+MonoImage.m */,
				9443A2521ADFE8BF00491EE5 /* LSSettingsButton.h */,
				9443A2531ADFE8BF00491EE5 /* LSSettingsButton.m */,
				9443A2541ADFE8BF00491EE5 /* LSRoundButton.h */,
				9443A2551ADFE8BF00491EE5 /* LSRoundButton.m */,
				9443A2561ADFE8BF00491EE5 /* LSRoundLabel.h */,
				9443A2571ADFE8BF00491EE5 /* LSRoundLabel.m */,
				9443A2581ADFE8BF00491EE5 /* LSRoundTextField.h */,
				9443A2591ADFE8BF00491EE5 /* LSRoundTextField.m */,
				9443A25A1ADFE8BF00491EE5 /* LSRoundDevidedButton.h */,
				9443A25B1ADFE8BF00491EE5 /* LSRoundDevidedButton.m */,
				9443A25C1ADFE8BF00491EE5 /* LSIBANRoundDevidedButton.h */,
				9443A25D1ADFE8BF00491EE5 /* LSIBANRoundDevidedButton.m */,
				9443A25E1ADFE8BF00491EE5 /* LSBackgroundView.h */,
				9443A25F1ADFE8BF00491EE5 /* LSBackgroundView.m */,
			);
			name = view;
			sourceTree = "<group>";
		};
		9443A26D1ADFEAA600491EE5 /* view */ = {
			isa = PBXGroup;
			children = (
				94D1A6551AE5374200B91996 /* MovieCollectionViewCell.swift */,
				9443A26E1ADFEAD800491EE5 /* RoundedCornerImageView.swift */,
				9443A2871AE3DD8700491EE5 /* RoundCornerView.swift */,
			);
			name = view;
			sourceTree = "<group>";
		};
		9443A2911AE5303A00491EE5 /* cinema */ = {
			isa = PBXGroup;
			children = (
				94D1A64C1AE5322100B91996 /* LSURLConstants.h */,
				94D1A64D1AE5322100B91996 /* LSURLConstants.m */,
				94D1A6471AE531B800B91996 /* API */,
				94D1A6461AE5317300B91996 /* service */,
			);
			path = cinema;
			sourceTree = "<group>";
		};
		94D1A6461AE5317300B91996 /* service */ = {
			isa = PBXGroup;
			children = (
				94D1A64F1AE5327E00B91996 /* LSCoverImageLoaderImpl.h */,
				94D1A6501AE5327E00B91996 /* LSCoverImageLoaderImpl.m */,
				94D1A6511AE5327E00B91996 /* LSLoginServiceImpl.h */,
				94D1A6521AE5327E00B91996 /* LSLoginServiceImpl.m */,
				94D1A6401AE5315F00B91996 /* WTConnection.h */,
				94D1A6411AE5315F00B91996 /* WTConnection.m */,
				94D1A6421AE5315F00B91996 /* LSMoviePlaytimeDownloaderImpl.h */,
				94D1A6431AE5315F00B91996 /* LSMoviePlaytimeDownloaderImpl.m */,
			);
			name = service;
			sourceTree = "<group>";
		};
		94D1A6471AE531B800B91996 /* API */ = {
			isa = PBXGroup;
			children = (
				94D1A6481AE531E100B91996 /* LSMoviePlaytimeDownloader.h */,
				94D1A6491AE531E100B91996 /* LSCoverImageLoader.h */,
				94D1A64A1AE531E100B91996 /* LSAbsctractDownloader.h */,
				94D1A64B1AE531E100B91996 /* LSLoginService.h */,
			);
			name = API;
			sourceTree = "<group>";
		};
/* End PBXGroup section */

/* Begin PBXNativeTarget section */
		9443A20E1ADF90A900491EE5 /* LukasSchmidt */ = {
			isa = PBXNativeTarget;
			buildConfigurationList = 9443A2311ADF90AA00491EE5 /* Build configuration list for PBXNativeTarget "LukasSchmidt" */;
			buildPhases = (
				9443A20B1ADF90A900491EE5 /* Sources */,
				9443A20C1ADF90A900491EE5 /* Frameworks */,
				9443A20D1ADF90A900491EE5 /* Resources */,
			);
			buildRules = (
			);
			dependencies = (
			);
			name = LukasSchmidt;
			productName = LukasSchmidt;
			productReference = 9443A20F1ADF90A900491EE5 /* LukasSchmidt.app */;
			productType = "com.apple.product-type.application";
		};
		9443A2261ADF90AA00491EE5 /* LukasSchmidtTests */ = {
			isa = PBXNativeTarget;
			buildConfigurationList = 9443A2341ADF90AA00491EE5 /* Build configuration list for PBXNativeTarget "LukasSchmidtTests" */;
			buildPhases = (
				9443A2231ADF90AA00491EE5 /* Sources */,
				9443A2241ADF90AA00491EE5 /* Frameworks */,
				9443A2251ADF90AA00491EE5 /* Resources */,
			);
			buildRules = (
			);
			dependencies = (
				9443A2291ADF90AA00491EE5 /* PBXTargetDependency */,
			);
			name = LukasSchmidtTests;
			productName = LukasSchmidtTests;
			productReference = 9443A2271ADF90AA00491EE5 /* LukasSchmidtTests.xctest */;
			productType = "com.apple.product-type.bundle.unit-test";
		};
/* End PBXNativeTarget section */

/* Begin PBXProject section */
		9443A2071ADF90A900491EE5 /* Project object */ = {
			isa = PBXProject;
			attributes = {
				LastUpgradeCheck = 0630;
				ORGANIZATIONNAME = "Lukas Schmidt";
				TargetAttributes = {
					9443A20E1ADF90A900491EE5 = {
						CreatedOnToolsVersion = 6.3;
					};
					9443A2261ADF90AA00491EE5 = {
						CreatedOnToolsVersion = 6.3;
						TestTargetID = 9443A20E1ADF90A900491EE5;
					};
				};
			};
			buildConfigurationList = 9443A20A1ADF90A900491EE5 /* Build configuration list for PBXProject "LukasSchmidt" */;
			compatibilityVersion = "Xcode 3.2";
			developmentRegion = English;
			hasScannedForEncodings = 0;
			knownRegions = (
				en,
				Base,
			);
			mainGroup = 9443A2061ADF90A900491EE5;
			productRefGroup = 9443A2101ADF90A900491EE5 /* Products */;
			projectDirPath = "";
			projectRoot = "";
			targets = (
				9443A20E1ADF90A900491EE5 /* LukasSchmidt */,
				9443A2261ADF90AA00491EE5 /* LukasSchmidtTests */,
			);
		};
/* End PBXProject section */

/* Begin PBXResourcesBuildPhase section */
		9443A20D1ADF90A900491EE5 /* Resources */ = {
			isa = PBXResourcesBuildPhase;
			buildActionMask = 2147483647;
			files = (
				94D1A65A1AE59E2900B91996 /* glyphicons_008_film@2x.png in Resources */,
				94D1A6591AE59E2900B91996 /* glyphicons_008_film.png in Resources */,
				9443A27D1AE03EC800491EE5 /* icon-ios7-heart@2x.png in Resources */,
				9443A24C1ADFE3EE00491EE5 /* blz_bic_list.plist in Resources */,
				9443A21D1ADF90A900491EE5 /* Main.storyboard in Resources */,
				9443A2221ADF90A900491EE5 /* LaunchScreen.xib in Resources */,
				9443A21F1ADF90A900491EE5 /* Images.xcassets in Resources */,
				9443A27E1AE03EC800491EE5 /* icon-ios7-heart@3x.png in Resources */,
				9443A24B1ADFE3EE00491EE5 /* CountryNames.plist in Resources */,
				9443A28C1AE3E3CE00491EE5 /* ehealth.png in Resources */,
				9443A27C1AE03EC800491EE5 /* icon-ios7-heart.png in Resources */,
				9443A2821AE266A600491EE5 /* code.png in Resources */,
				9443A28E1AE3E4D300491EE5 /* cinema.png in Resources */,
				9443A2731AE0066200491EE5 /* Kino-App Icon_7-01.png in Resources */,
				9443A2901AE3F88700491EE5 /* personal.png in Resources */,
				9443A28A1AE3DF8A00491EE5 /* TrackField.png in Resources */,
				9443A24D1ADFE3EE00491EE5 /* CountryCodes.plist in Resources */,
				9443A23B1ADF9B4D00491EE5 /* Icon 1024px.png in Resources */,
				9443A2751AE0119700491EE5 /* 11-Toy-Story.jpg in Resources */,
			);
			runOnlyForDeploymentPostprocessing = 0;
		};
		9443A2251ADF90AA00491EE5 /* Resources */ = {
			isa = PBXResourcesBuildPhase;
			buildActionMask = 2147483647;
			files = (
			);
			runOnlyForDeploymentPostprocessing = 0;
		};
/* End PBXResourcesBuildPhase section */

/* Begin PBXSourcesBuildPhase section */
		9443A20B1ADF90A900491EE5 /* Sources */ = {
			isa = PBXSourcesBuildPhase;
			buildActionMask = 2147483647;
			files = (
				9443A2601ADFE8BF00491EE5 /* LSSettingsButton.m in Sources */,
				9443A23E1ADFE2D900491EE5 /* IbanViewController.swift in Sources */,
				9443A2151ADF90A900491EE5 /* AppDelegate.swift in Sources */,
				9443A2651ADFE8BF00491EE5 /* LSIBANRoundDevidedButton.m in Sources */,
				9443A2181ADF90A900491EE5 /* LukasSchmidt.xcdatamodeld in Sources */,
				9443A2621ADFE8BF00491EE5 /* LSRoundLabel.m in Sources */,
				9443A2801AE2608D00491EE5 /* PersonalInterestsViewController.swift in Sources */,
				9443A2631ADFE8BF00491EE5 /* LSRoundTextField.m in Sources */,
				94D1A6441AE5315F00B91996 /* WTConnection.m in Sources */,
				9443A2501ADFE50400491EE5 /* LSCountryCodeManager.m in Sources */,
				94D1A6531AE5327E00B91996 /* LSCoverImageLoaderImpl.m in Sources */,
				9443A2691ADFE8DD00491EE5 /* UIImage+MonoImage.m in Sources */,
				9443A2661ADFE8BF00491EE5 /* LSBackgroundView.m in Sources */,
				9443A2711AE0039200491EE5 /* CinemaManagerViewController.swift in Sources */,
				9443A2611ADFE8BF00491EE5 /* LSRoundButton.m in Sources */,
				9443A2881AE3DD8700491EE5 /* RoundCornerView.swift in Sources */,
				9443A2461ADFE3AA00491EE5 /* LSIBANBLZFormatter.m in Sources */,
				94D1A6561AE5374200B91996 /* MovieCollectionViewCell.swift in Sources */,
				9443A26C1ADFE8F200491EE5 /* UIColor+IBANColors.m in Sources */,
				94D1A6541AE5327E00B91996 /* LSLoginServiceImpl.m in Sources */,
				9443A2641ADFE8BF00491EE5 /* LSRoundDevidedButton.m in Sources */,
				94D1A64E1AE5322100B91996 /* LSURLConstants.m in Sources */,
				94D1A6451AE5315F00B91996 /* LSMoviePlaytimeDownloaderImpl.m in Sources */,
				9443A2471ADFE3AA00491EE5 /* MSIbanCalculator.m in Sources */,
				9443A26F1ADFEAD800491EE5 /* RoundedCornerImageView.swift in Sources */,
			);
			runOnlyForDeploymentPostprocessing = 0;
		};
		9443A2231ADF90AA00491EE5 /* Sources */ = {
			isa = PBXSourcesBuildPhase;
			buildActionMask = 2147483647;
			files = (
				9443A22E1ADF90AA00491EE5 /* LukasSchmidtTests.swift in Sources */,
			);
			runOnlyForDeploymentPostprocessing = 0;
		};
/* End PBXSourcesBuildPhase section */

/* Begin PBXTargetDependency section */
		9443A2291ADF90AA00491EE5 /* PBXTargetDependency */ = {
			isa = PBXTargetDependency;
			target = 9443A20E1ADF90A900491EE5 /* LukasSchmidt */;
			targetProxy = 9443A2281ADF90AA00491EE5 /* PBXContainerItemProxy */;
		};
/* End PBXTargetDependency section */

/* Begin PBXVariantGroup section */
		9443A21B1ADF90A900491EE5 /* Main.storyboard */ = {
			isa = PBXVariantGroup;
			children = (
				9443A21C1ADF90A900491EE5 /* Base */,
			);
			name = Main.storyboard;
			sourceTree = "<group>";
		};
		9443A2201ADF90A900491EE5 /* LaunchScreen.xib */ = {
			isa = PBXVariantGroup;
			children = (
				9443A2211ADF90A900491EE5 /* Base */,
			);
			name = LaunchScreen.xib;
			sourceTree = "<group>";
		};
/* End PBXVariantGroup section */

/* Begin XCBuildConfiguration section */
		9443A22F1ADF90AA00491EE5 /* Debug */ = {
			isa = XCBuildConfiguration;
			buildSettings = {
				ALWAYS_SEARCH_USER_PATHS = NO;
				CLANG_CXX_LANGUAGE_STANDARD = "gnu++0x";
				CLANG_CXX_LIBRARY = "libc++";
				CLANG_ENABLE_MODULES = YES;
				CLANG_ENABLE_OBJC_ARC = YES;
				CLANG_WARN_BOOL_CONVERSION = YES;
				CLANG_WARN_CONSTANT_CONVERSION = YES;
				CLANG_WARN_DIRECT_OBJC_ISA_USAGE = YES_ERROR;
				CLANG_WARN_EMPTY_BODY = YES;
				CLANG_WARN_ENUM_CONVERSION = YES;
				CLANG_WARN_INT_CONVERSION = YES;
				CLANG_WARN_OBJC_ROOT_CLASS = YES_ERROR;
				CLANG_WARN_UNREACHABLE_CODE = YES;
				CLANG_WARN__DUPLICATE_METHOD_MATCH = YES;
				"CODE_SIGN_IDENTITY[sdk=iphoneos*]" = "iPhone Developer";
				COPY_PHASE_STRIP = NO;
				DEBUG_INFORMATION_FORMAT = "dwarf-with-dsym";
				ENABLE_STRICT_OBJC_MSGSEND = YES;
				GCC_C_LANGUAGE_STANDARD = gnu99;
				GCC_DYNAMIC_NO_PIC = NO;
				GCC_NO_COMMON_BLOCKS = YES;
				GCC_OPTIMIZATION_LEVEL = 0;
				GCC_PREPROCESSOR_DEFINITIONS = (
					"DEBUG=1",
					"$(inherited)",
				);
				GCC_SYMBOLS_PRIVATE_EXTERN = NO;
				GCC_WARN_64_TO_32_BIT_CONVERSION = YES;
				GCC_WARN_ABOUT_RETURN_TYPE = YES_ERROR;
				GCC_WARN_UNDECLARED_SELECTOR = YES;
				GCC_WARN_UNINITIALIZED_AUTOS = YES_AGGRESSIVE;
				GCC_WARN_UNUSED_FUNCTION = YES;
				GCC_WARN_UNUSED_VARIABLE = YES;
				IPHONEOS_DEPLOYMENT_TARGET = 8.3;
				MTL_ENABLE_DEBUG_INFO = YES;
				ONLY_ACTIVE_ARCH = YES;
				SDKROOT = iphoneos;
				SWIFT_OPTIMIZATION_LEVEL = "-Onone";
				TARGETED_DEVICE_FAMILY = 2;
			};
			name = Debug;
		};
		9443A2301ADF90AA00491EE5 /* Release */ = {
			isa = XCBuildConfiguration;
			buildSettings = {
				ALWAYS_SEARCH_USER_PATHS = NO;
				CLANG_CXX_LANGUAGE_STANDARD = "gnu++0x";
				CLANG_CXX_LIBRARY = "libc++";
				CLANG_ENABLE_MODULES = YES;
				CLANG_ENABLE_OBJC_ARC = YES;
				CLANG_WARN_BOOL_CONVERSION = YES;
				CLANG_WARN_CONSTANT_CONVERSION = YES;
				CLANG_WARN_DIRECT_OBJC_ISA_USAGE = YES_ERROR;
				CLANG_WARN_EMPTY_BODY = YES;
				CLANG_WARN_ENUM_CONVERSION = YES;
				CLANG_WARN_INT_CONVERSION = YES;
				CLANG_WARN_OBJC_ROOT_CLASS = YES_ERROR;
				CLANG_WARN_UNREACHABLE_CODE = YES;
				CLANG_WARN__DUPLICATE_METHOD_MATCH = YES;
				"CODE_SIGN_IDENTITY[sdk=iphoneos*]" = "iPhone Developer";
				COPY_PHASE_STRIP = NO;
				DEBUG_INFORMATION_FORMAT = "dwarf-with-dsym";
				ENABLE_NS_ASSERTIONS = NO;
				ENABLE_STRICT_OBJC_MSGSEND = YES;
				GCC_C_LANGUAGE_STANDARD = gnu99;
				GCC_NO_COMMON_BLOCKS = YES;
				GCC_WARN_64_TO_32_BIT_CONVERSION = YES;
				GCC_WARN_ABOUT_RETURN_TYPE = YES_ERROR;
				GCC_WARN_UNDECLARED_SELECTOR = YES;
				GCC_WARN_UNINITIALIZED_AUTOS = YES_AGGRESSIVE;
				GCC_WARN_UNUSED_FUNCTION = YES;
				GCC_WARN_UNUSED_VARIABLE = YES;
				IPHONEOS_DEPLOYMENT_TARGET = 8.3;
				MTL_ENABLE_DEBUG_INFO = NO;
				SDKROOT = iphoneos;
				TARGETED_DEVICE_FAMILY = 2;
				VALIDATE_PRODUCT = YES;
			};
			name = Release;
		};
		9443A2321ADF90AA00491EE5 /* Debug */ = {
			isa = XCBuildConfiguration;
			buildSettings = {
				ASSETCATALOG_COMPILER_APPICON_NAME = AppIcon;
				CLANG_ENABLE_MODULES = YES;
				INFOPLIST_FILE = LukasSchmidt/Info.plist;
				LD_RUNPATH_SEARCH_PATHS = "$(inherited) @executable_path/Frameworks";
				PRODUCT_NAME = "$(TARGET_NAME)";
				SWIFT_OBJC_BRIDGING_HEADER = "LukasSchmidt/LukasSchmidt-Bridging-Header.h";
				SWIFT_OPTIMIZATION_LEVEL = "-Onone";
				TARGETED_DEVICE_FAMILY = 1;
			};
			name = Debug;
		};
		9443A2331ADF90AA00491EE5 /* Release */ = {
			isa = XCBuildConfiguration;
			buildSettings = {
				ASSETCATALOG_COMPILER_APPICON_NAME = AppIcon;
				CLANG_ENABLE_MODULES = YES;
				INFOPLIST_FILE = LukasSchmidt/Info.plist;
				LD_RUNPATH_SEARCH_PATHS = "$(inherited) @executable_path/Frameworks";
				PRODUCT_NAME = "$(TARGET_NAME)";
				SWIFT_OBJC_BRIDGING_HEADER = "LukasSchmidt/LukasSchmidt-Bridging-Header.h";
				TARGETED_DEVICE_FAMILY = 1;
			};
			name = Release;
		};
		9443A2351ADF90AA00491EE5 /* Debug */ = {
			isa = XCBuildConfiguration;
			buildSettings = {
				BUNDLE_LOADER = "$(TEST_HOST)";
				FRAMEWORK_SEARCH_PATHS = (
					"$(SDKROOT)/Developer/Library/Frameworks",
					"$(inherited)",
				);
				GCC_PREPROCESSOR_DEFINITIONS = (
					"DEBUG=1",
					"$(inherited)",
				);
				INFOPLIST_FILE = LukasSchmidtTests/Info.plist;
				LD_RUNPATH_SEARCH_PATHS = "$(inherited) @executable_path/Frameworks @loader_path/Frameworks";
				PRODUCT_NAME = "$(TARGET_NAME)";
				TEST_HOST = "$(BUILT_PRODUCTS_DIR)/LukasSchmidt.app/LukasSchmidt";
			};
			name = Debug;
		};
		9443A2361ADF90AA00491EE5 /* Release */ = {
			isa = XCBuildConfiguration;
			buildSettings = {
				BUNDLE_LOADER = "$(TEST_HOST)";
				FRAMEWORK_SEARCH_PATHS = (
					"$(SDKROOT)/Developer/Library/Frameworks",
					"$(inherited)",
				);
				INFOPLIST_FILE = LukasSchmidtTests/Info.plist;
				LD_RUNPATH_SEARCH_PATHS = "$(inherited) @executable_path/Frameworks @loader_path/Frameworks";
				PRODUCT_NAME = "$(TARGET_NAME)";
				TEST_HOST = "$(BUILT_PRODUCTS_DIR)/LukasSchmidt.app/LukasSchmidt";
			};
			name = Release;
		};
/* End XCBuildConfiguration section */

/* Begin XCConfigurationList section */
		9443A20A1ADF90A900491EE5 /* Build configuration list for PBXProject "LukasSchmidt" */ = {
			isa = XCConfigurationList;
			buildConfigurations = (
				9443A22F1ADF90AA00491EE5 /* Debug */,
				9443A2301ADF90AA00491EE5 /* Release */,
			);
			defaultConfigurationIsVisible = 0;
			defaultConfigurationName = Release;
		};
		9443A2311ADF90AA00491EE5 /* Build configuration list for PBXNativeTarget "LukasSchmidt" */ = {
			isa = XCConfigurationList;
			buildConfigurations = (
				9443A2321ADF90AA00491EE5 /* Debug */,
				9443A2331ADF90AA00491EE5 /* Release */,
			);
			defaultConfigurationIsVisible = 0;
			defaultConfigurationName = Release;
		};
		9443A2341ADF90AA00491EE5 /* Build configuration list for PBXNativeTarget "LukasSchmidtTests" */ = {
			isa = XCConfigurationList;
			buildConfigurations = (
				9443A2351ADF90AA00491EE5 /* Debug */,
				9443A2361ADF90AA00491EE5 /* Release */,
			);
			defaultConfigurationIsVisible = 0;
			defaultConfigurationName = Release;
		};
/* End XCConfigurationList section */

/* Begin XCVersionGroup section */
		9443A2161ADF90A900491EE5 /* LukasSchmidt.xcdatamodeld */ = {
			isa = XCVersionGroup;
			children = (
				9443A2171ADF90A900491EE5 /* LukasSchmidt.xcdatamodel */,
			);
			currentVersion = 9443A2171ADF90A900491EE5 /* LukasSchmidt.xcdatamodel */;
			path = LukasSchmidt.xcdatamodeld;
			sourceTree = "<group>";
			versionGroupType = wrapper.xcdatamodel;
		};
/* End XCVersionGroup section */
	};
	rootObject = 9443A2071ADF90A900491EE5 /* Project object */;
}
